
Microsoft Visual Studio Solution File, Format Version 12.00
# Visual Studio Version 17
VisualStudioVersion = 17.5.002.0
MinimumVisualStudioVersion = 10.0.40219.1
Project("{9A19103F-16F7-4668-BE54-9A1E7A4F7556}") = "Nested loop (C) for", "Nested loop (C) for.csproj", "{9218484D-5055-44DE-8B97-63AA45F874A7}"
EndProject
Global
	GlobalSection(SolutionConfigurationPlatforms) = preSolution
		Debug|Any CPU = Debug|Any CPU
		Release|Any CPU = Release|Any CPU
	EndGlobalSection
	GlobalSection(ProjectConfigurationPlatforms) = postSolution
		{9218484D-5055-44DE-8B97-63AA45F874A7}.Debug|Any CPU.ActiveCfg = Debug|Any CPU
		{9218484D-5055-44DE-8B97-63AA45F874A7}.Debug|Any CPU.Build.0 = Debug|Any CPU
		{9218484D-5055-44DE-8B97-63AA45F874A7}.Release|Any CPU.ActiveCfg = Release|Any CPU
		{9218484D-5055-44DE-8B97-63AA45F874A7}.Release|Any CPU.Build.0 = Release|Any CPU
	EndGlobalSection
	GlobalSection(SolutionProperties) = preSolution
		HideSolutionNode = FALSE
	EndGlobalSection
	GlobalSection(ExtensibilityGlobals) = postSolution
		SolutionGuid = {A3E34826-37B4-4604-A538-223E81846348}
	EndGlobalSection
EndGlobal
