
Microsoft Visual Studio Solution File, Format Version 12.00
# Visual Studio Version 17
VisualStudioVersion = 17.5.002.0
MinimumVisualStudioVersion = 10.0.40219.1
Project("{9A19103F-16F7-4668-BE54-9A1E7A4F7556}") = "Percabangan p=x+y", "Percabangan p=x+y.csproj", "{776991CB-93FA-4774-BD24-5D6932A0CBB2}"
EndProject
Global
	GlobalSection(SolutionConfigurationPlatforms) = preSolution
		Debug|Any CPU = Debug|Any CPU
		Release|Any CPU = Release|Any CPU
	EndGlobalSection
	GlobalSection(ProjectConfigurationPlatforms) = postSolution
		{776991CB-93FA-4774-BD24-5D6932A0CBB2}.Debug|Any CPU.ActiveCfg = Debug|Any CPU
		{776991CB-93FA-4774-BD24-5D6932A0CBB2}.Debug|Any CPU.Build.0 = Debug|Any CPU
		{776991CB-93FA-4774-BD24-5D6932A0CBB2}.Release|Any CPU.ActiveCfg = Release|Any CPU
		{776991CB-93FA-4774-BD24-5D6932A0CBB2}.Release|Any CPU.Build.0 = Release|Any CPU
	EndGlobalSection
	GlobalSection(SolutionProperties) = preSolution
		HideSolutionNode = FALSE
	EndGlobalSection
	GlobalSection(ExtensibilityGlobals) = postSolution
		SolutionGuid = {09451AD6-C35B-406E-9531-13B787E18D11}
	EndGlobalSection
EndGlobal
