
Microsoft Visual Studio Solution File, Format Version 12.00
# Visual Studio Version 17
VisualStudioVersion = 17.5.002.0
MinimumVisualStudioVersion = 10.0.40219.1
Project("{9A19103F-16F7-4668-BE54-9A1E7A4F7556}") = "pbo", "pbo.csproj", "{DC7A2AE9-E91E-454D-BBB0-1B9F5BB674C5}"
EndProject
Global
	GlobalSection(SolutionConfigurationPlatforms) = preSolution
		Debug|Any CPU = Debug|Any CPU
		Release|Any CPU = Release|Any CPU
	EndGlobalSection
	GlobalSection(ProjectConfigurationPlatforms) = postSolution
		{DC7A2AE9-E91E-454D-BBB0-1B9F5BB674C5}.Debug|Any CPU.ActiveCfg = Debug|Any CPU
		{DC7A2AE9-E91E-454D-BBB0-1B9F5BB674C5}.Debug|Any CPU.Build.0 = Debug|Any CPU
		{DC7A2AE9-E91E-454D-BBB0-1B9F5BB674C5}.Release|Any CPU.ActiveCfg = Release|Any CPU
		{DC7A2AE9-E91E-454D-BBB0-1B9F5BB674C5}.Release|Any CPU.Build.0 = Release|Any CPU
	EndGlobalSection
	GlobalSection(SolutionProperties) = preSolution
		HideSolutionNode = FALSE
	EndGlobalSection
	GlobalSection(ExtensibilityGlobals) = postSolution
		SolutionGuid = {B9B33FA8-0462-48B5-B9C1-CF6279FDDE2F}
	EndGlobalSection
EndGlobal
