
Microsoft Visual Studio Solution File, Format Version 12.00
# Visual Studio Version 17
VisualStudioVersion = 17.5.002.0
MinimumVisualStudioVersion = 10.0.40219.1
Project("{9A19103F-16F7-4668-BE54-9A1E7A4F7556}") = "TravelAyokLibur", "TravelAyokLibur.csproj", "{7EBC55D6-4E90-4F1A-A69E-F12042A9FE55}"
EndProject
Global
	GlobalSection(SolutionConfigurationPlatforms) = preSolution
		Debug|Any CPU = Debug|Any CPU
		Release|Any CPU = Release|Any CPU
	EndGlobalSection
	GlobalSection(ProjectConfigurationPlatforms) = postSolution
		{7EBC55D6-4E90-4F1A-A69E-F12042A9FE55}.Debug|Any CPU.ActiveCfg = Debug|Any CPU
		{7EBC55D6-4E90-4F1A-A69E-F12042A9FE55}.Debug|Any CPU.Build.0 = Debug|Any CPU
		{7EBC55D6-4E90-4F1A-A69E-F12042A9FE55}.Release|Any CPU.ActiveCfg = Release|Any CPU
		{7EBC55D6-4E90-4F1A-A69E-F12042A9FE55}.Release|Any CPU.Build.0 = Release|Any CPU
	EndGlobalSection
	GlobalSection(SolutionProperties) = preSolution
		HideSolutionNode = FALSE
	EndGlobalSection
	GlobalSection(ExtensibilityGlobals) = postSolution
		SolutionGuid = {B66195BE-3FA7-4D9B-93DD-A39A96A6E2DA}
	EndGlobalSection
EndGlobal
