
Microsoft Visual Studio Solution File, Format Version 12.00
# Visual Studio Version 17
VisualStudioVersion = 17.5.002.0
MinimumVisualStudioVersion = 10.0.40219.1
Project("{9A19103F-16F7-4668-BE54-9A1E7A4F7556}") = "fotocopy", "fotocopy.csproj", "{EBF86D04-131C-4D5A-8EDA-761FD3A4F11F}"
EndProject
Global
	GlobalSection(SolutionConfigurationPlatforms) = preSolution
		Debug|Any CPU = Debug|Any CPU
		Release|Any CPU = Release|Any CPU
	EndGlobalSection
	GlobalSection(ProjectConfigurationPlatforms) = postSolution
		{EBF86D04-131C-4D5A-8EDA-761FD3A4F11F}.Debug|Any CPU.ActiveCfg = Debug|Any CPU
		{EBF86D04-131C-4D5A-8EDA-761FD3A4F11F}.Debug|Any CPU.Build.0 = Debug|Any CPU
		{EBF86D04-131C-4D5A-8EDA-761FD3A4F11F}.Release|Any CPU.ActiveCfg = Release|Any CPU
		{EBF86D04-131C-4D5A-8EDA-761FD3A4F11F}.Release|Any CPU.Build.0 = Release|Any CPU
	EndGlobalSection
	GlobalSection(SolutionProperties) = preSolution
		HideSolutionNode = FALSE
	EndGlobalSection
	GlobalSection(ExtensibilityGlobals) = postSolution
		SolutionGuid = {8EDDD783-AFD1-42EF-BA39-4113B30F6770}
	EndGlobalSection
EndGlobal
