
Microsoft Visual Studio Solution File, Format Version 12.00
# Visual Studio Version 17
VisualStudioVersion = 17.5.002.0
MinimumVisualStudioVersion = 10.0.40219.1
Project("{9A19103F-16F7-4668-BE54-9A1E7A4F7556}") = "harga beras", "harga beras.csproj", "{9984F1D0-9626-4A54-B254-1FE770A13AEB}"
EndProject
Global
	GlobalSection(SolutionConfigurationPlatforms) = preSolution
		Debug|Any CPU = Debug|Any CPU
		Release|Any CPU = Release|Any CPU
	EndGlobalSection
	GlobalSection(ProjectConfigurationPlatforms) = postSolution
		{9984F1D0-9626-4A54-B254-1FE770A13AEB}.Debug|Any CPU.ActiveCfg = Debug|Any CPU
		{9984F1D0-9626-4A54-B254-1FE770A13AEB}.Debug|Any CPU.Build.0 = Debug|Any CPU
		{9984F1D0-9626-4A54-B254-1FE770A13AEB}.Release|Any CPU.ActiveCfg = Release|Any CPU
		{9984F1D0-9626-4A54-B254-1FE770A13AEB}.Release|Any CPU.Build.0 = Release|Any CPU
	EndGlobalSection
	GlobalSection(SolutionProperties) = preSolution
		HideSolutionNode = FALSE
	EndGlobalSection
	GlobalSection(ExtensibilityGlobals) = postSolution
		SolutionGuid = {04ECFF3E-9744-4079-A9DC-189C999C0465}
	EndGlobalSection
EndGlobal
