
Microsoft Visual Studio Solution File, Format Version 12.00
# Visual Studio Version 17
VisualStudioVersion = 17.5.002.0
MinimumVisualStudioVersion = 10.0.40219.1
Project("{9A19103F-16F7-4668-BE54-9A1E7A4F7556}") = "Function 2", "Function 2.csproj", "{05D34E9B-5668-4510-A85B-6BF05F7C979A}"
EndProject
Global
	GlobalSection(SolutionConfigurationPlatforms) = preSolution
		Debug|Any CPU = Debug|Any CPU
		Release|Any CPU = Release|Any CPU
	EndGlobalSection
	GlobalSection(ProjectConfigurationPlatforms) = postSolution
		{05D34E9B-5668-4510-A85B-6BF05F7C979A}.Debug|Any CPU.ActiveCfg = Debug|Any CPU
		{05D34E9B-5668-4510-A85B-6BF05F7C979A}.Debug|Any CPU.Build.0 = Debug|Any CPU
		{05D34E9B-5668-4510-A85B-6BF05F7C979A}.Release|Any CPU.ActiveCfg = Release|Any CPU
		{05D34E9B-5668-4510-A85B-6BF05F7C979A}.Release|Any CPU.Build.0 = Release|Any CPU
	EndGlobalSection
	GlobalSection(SolutionProperties) = preSolution
		HideSolutionNode = FALSE
	EndGlobalSection
	GlobalSection(ExtensibilityGlobals) = postSolution
		SolutionGuid = {A4C21E1B-86F2-4571-BAB2-4C592B94954E}
	EndGlobalSection
EndGlobal
